
Microsoft Visual Studio Solution File, Format Version 12.00
# Visual Studio Version 17
VisualStudioVersion = 17.9.34728.123
MinimumVisualStudioVersion = 10.0.40219.1
Project("{FAE04EC0-301F-11D3-BF4B-00C04F79EFBC}") = "MathsChallenge", "MathsChallenge.csproj", "{54979E1E-56F7-488B-809E-FB0B2BB1FFD7}"
EndProject
Global
	GlobalSection(SolutionConfigurationPlatforms) = preSolution
		Debug|Any CPU = Debug|Any CPU
		Release|Any CPU = Release|Any CPU
	EndGlobalSection
	GlobalSection(ProjectConfigurationPlatforms) = postSolution
		{54979E1E-56F7-488B-809E-FB0B2BB1FFD7}.Debug|Any CPU.ActiveCfg = Debug|Any CPU
		{54979E1E-56F7-488B-809E-FB0B2BB1FFD7}.Debug|Any CPU.Build.0 = Debug|Any CPU
		{54979E1E-56F7-488B-809E-FB0B2BB1FFD7}.Release|Any CPU.ActiveCfg = Release|Any CPU
		{54979E1E-56F7-488B-809E-FB0B2BB1FFD7}.Release|Any CPU.Build.0 = Release|Any CPU
	EndGlobalSection
	GlobalSection(SolutionProperties) = preSolution
		HideSolutionNode = FALSE
	EndGlobalSection
	GlobalSection(ExtensibilityGlobals) = postSolution
		SolutionGuid = {4C97AB3A-66F8-46A0-8D99-686ABB47C2F7}
	EndGlobalSection
EndGlobal
